
Microsoft Visual Studio Solution File, Format Version 12.00
# Visual Studio Version 18
VisualStudioVersion = 18.4.11612.150 stable
MinimumVisualStudioVersion = 10.0.40219.1
Project("{FAE04EC0-301F-11D3-BF4B-00C04F79EFBC}") = "BoxService_BackEnd", "BoxService_BackEnd.csproj", "{9391ADAF-5D55-A3B1-83B8-75B3515EBBDA}"
EndProject
Global
	GlobalSection(SolutionConfigurationPlatforms) = preSolution
		Debug|Any CPU = Debug|Any CPU
		Release|Any CPU = Release|Any CPU
	EndGlobalSection
	GlobalSection(ProjectConfigurationPlatforms) = postSolution
		{9391ADAF-5D55-A3B1-83B8-75B3515EBBDA}.Debug|Any CPU.ActiveCfg = Debug|Any CPU
		{9391ADAF-5D55-A3B1-83B8-75B3515EBBDA}.Debug|Any CPU.Build.0 = Debug|Any CPU
		{9391ADAF-5D55-A3B1-83B8-75B3515EBBDA}.Release|Any CPU.ActiveCfg = Release|Any CPU
		{9391ADAF-5D55-A3B1-83B8-75B3515EBBDA}.Release|Any CPU.Build.0 = Release|Any CPU
	EndGlobalSection
	GlobalSection(SolutionProperties) = preSolution
		HideSolutionNode = FALSE
	EndGlobalSection
	GlobalSection(ExtensibilityGlobals) = postSolution
		SolutionGuid = {2354DA78-7267-4C4B-9A05-5F45570B88B2}
	EndGlobalSection
EndGlobal
